
Microsoft Visual Studio Solution File, Format Version 12.00
# Visual Studio Version 17
VisualStudioVersion = 17.14.37314.3
MinimumVisualStudioVersion = 10.0.40219.1
Project("{FAE04EC0-301F-11D3-BF4B-00C04F79EFBC}") = "Client.Api", "Client.Api\Client.Api.csproj", "{0EE8D811-7E74-4C2D-8147-4FA18AF72ED0}"
EndProject
Global
	GlobalSection(SolutionConfigurationPlatforms) = preSolution
		Debug|Any CPU = Debug|Any CPU
		Release|Any CPU = Release|Any CPU
	EndGlobalSection
	GlobalSection(ProjectConfigurationPlatforms) = postSolution
		{0EE8D811-7E74-4C2D-8147-4FA18AF72ED0}.Debug|Any CPU.ActiveCfg = Debug|Any CPU
		{0EE8D811-7E74-4C2D-8147-4FA18AF72ED0}.Debug|Any CPU.Build.0 = Debug|Any CPU
		{0EE8D811-7E74-4C2D-8147-4FA18AF72ED0}.Release|Any CPU.ActiveCfg = Release|Any CPU
		{0EE8D811-7E74-4C2D-8147-4FA18AF72ED0}.Release|Any CPU.Build.0 = Release|Any CPU
	EndGlobalSection
	GlobalSection(SolutionProperties) = preSolution
		HideSolutionNode = FALSE
	EndGlobalSection
	GlobalSection(ExtensibilityGlobals) = postSolution
		SolutionGuid = {AFBD5766-9B6B-4028-999C-9F8DD739DC02}
	EndGlobalSection
EndGlobal
